<?xml version="1.0" encoding="UTF-8" standalone="yes" ?>
<CodeBlocks_project_file>
	<FileVersion major="1" minor="6" />
	<Project>
		<Option title="ELEX" />
		<Option pch_mode="2" />
		<Option compiler="gcc" />
		<Build>
			<Target title="Debug">
				<Option output="bin/Debug/ELEX" prefix_auto="1" extension_auto="1" />
				<Option object_output="obj/Debug/" />
				<Option type="1" />
				<Option compiler="gcc" />
				<Compiler>
					<Add option="-g" />
					<Add option="`pkg-config --cflags opencv4` -std=c++11 -c" />
					<Add directory="include" />
					<Add directory="./" />
				</Compiler>
				<Linker>
					<Add option="`pkg-config --libs opencv4` -std=c++11 -lpigpio -lrt -lpthread" />
				</Linker>
			</Target>
			<Target title="Release">
				<Option output="bin/Release/ELEX" prefix_auto="1" extension_auto="1" />
				<Option object_output="obj/Release/" />
				<Option type="1" />
				<Option compiler="gcc" />
				<Compiler>
					<Add option="-O2" />
					<Add directory="include" />
					<Add directory="./" />
				</Compiler>
				<Linker>
					<Add option="-s" />
				</Linker>
			</Target>
		</Build>
		<Compiler>
			<Add option="-Wall" />
			<Add option="-fexceptions" />
		</Compiler>
		<Unit filename="CBase4618.cpp" />
		<Unit filename="CBase4618.h" />
		<Unit filename="CCamera.cpp" />
		<Unit filename="CCamera.h" />
		<Unit filename="CControlPi.cpp" />
		<Unit filename="CControlPi.h" />
		<Unit filename="CFinal.cpp" />
		<Unit filename="CFinal.h" />
		<Unit filename="CPong.cpp" />
		<Unit filename="CPong.h" />
		<Unit filename="CSort.cpp" />
		<Unit filename="CSort.h" />
		<Unit filename="include/CCar.h" />
		<Unit filename="include/CCommunication.h" />
		<Unit filename="include/CGuidance.h" />
		<Unit filename="include/CMotor.h" />
		<Unit filename="include/CSound.h" />
		<Unit filename="main.cpp" />
		<Unit filename="server.cpp" />
		<Unit filename="server.h" />
		<Unit filename="src/CCar.cpp" />
		<Unit filename="src/CCommunication.cpp" />
		<Unit filename="src/CGuidance.cpp" />
		<Unit filename="src/CMotor.cpp" />
		<Unit filename="src/CSound.cpp" />
		<Extensions />
	</Project>
</CodeBlocks_project_file>
